
Microsoft Visual Studio Solution File, Format Version 12.00
# Visual Studio 2013
VisualStudioVersion = 12.0.31101.0
MinimumVisualStudioVersion = 10.0.40219.1
Project("{FAE04EC0-301F-11D3-BF4B-00C04F79EFBC}") = "Esp.Net.Tests", "Esp.Net.Tests\Esp.Net.Tests.csproj", "{4C8F25D6-B592-489F-918C-51ACF3C595F8}"
EndProject
Project("{FAE04EC0-301F-11D3-BF4B-00C04F79EFBC}") = "Esp.Net", "Esp.Net\Esp.Net.csproj", "{2C08EEBF-99F4-43AD-B87F-2B90DEB6F8DE}"
EndProject
Project("{2150E333-8FDC-42A3-9474-1A3956D46DE8}") = "Solution Items", "Solution Items", "{EF0A7DF3-F983-47A7-A9A5-D1C2C876AFF4}"
	ProjectSection(SolutionItems) = preProject
		appveyor.yml = appveyor.yml
		README.md = README.md
	EndProjectSection
EndProject
Project("{FAE04EC0-301F-11D3-BF4B-00C04F79EFBC}") = "Esp.Net.Workflow", "Esp.Net.Workflow\Esp.Net.Workflow.csproj", "{E9844144-0F47-40D3-BC35-6135AF535732}"
EndProject
Global
	GlobalSection(SolutionConfigurationPlatforms) = preSolution
		Debug|Any CPU = Debug|Any CPU
		Release|Any CPU = Release|Any CPU
	EndGlobalSection
	GlobalSection(ProjectConfigurationPlatforms) = postSolution
		{4C8F25D6-B592-489F-918C-51ACF3C595F8}.Debug|Any CPU.ActiveCfg = Debug|Any CPU
		{4C8F25D6-B592-489F-918C-51ACF3C595F8}.Debug|Any CPU.Build.0 = Debug|Any CPU
		{4C8F25D6-B592-489F-918C-51ACF3C595F8}.Release|Any CPU.ActiveCfg = Release|Any CPU
		{4C8F25D6-B592-489F-918C-51ACF3C595F8}.Release|Any CPU.Build.0 = Release|Any CPU
		{2C08EEBF-99F4-43AD-B87F-2B90DEB6F8DE}.Debug|Any CPU.ActiveCfg = Debug|Any CPU
		{2C08EEBF-99F4-43AD-B87F-2B90DEB6F8DE}.Debug|Any CPU.Build.0 = Debug|Any CPU
		{2C08EEBF-99F4-43AD-B87F-2B90DEB6F8DE}.Release|Any CPU.ActiveCfg = Release|Any CPU
		{2C08EEBF-99F4-43AD-B87F-2B90DEB6F8DE}.Release|Any CPU.Build.0 = Release|Any CPU
		{E9844144-0F47-40D3-BC35-6135AF535732}.Debug|Any CPU.ActiveCfg = Debug|Any CPU
		{E9844144-0F47-40D3-BC35-6135AF535732}.Debug|Any CPU.Build.0 = Debug|Any CPU
		{E9844144-0F47-40D3-BC35-6135AF535732}.Release|Any CPU.ActiveCfg = Release|Any CPU
		{E9844144-0F47-40D3-BC35-6135AF535732}.Release|Any CPU.Build.0 = Release|Any CPU
	EndGlobalSection
	GlobalSection(SolutionProperties) = preSolution
		HideSolutionNode = FALSE
	EndGlobalSection
EndGlobal
